
Microsoft Visual Studio Solution File, Format Version 12.00
# Visual Studio Version 17
VisualStudioVersion = 17.3.32929.385
MinimumVisualStudioVersion = 10.0.40219.1
Project("{FAE04EC0-301F-11D3-BF4B-00C04F79EFBC}") = "Polymorphism", "Polymorphism\Polymorphism.csproj", "{4FEEEB76-E3CF-4C03-9C18-36F2CB0C924C}"
EndProject
Global
	GlobalSection(SolutionConfigurationPlatforms) = preSolution
		Debug|Any CPU = Debug|Any CPU
		Release|Any CPU = Release|Any CPU
	EndGlobalSection
	GlobalSection(ProjectConfigurationPlatforms) = postSolution
		{4FEEEB76-E3CF-4C03-9C18-36F2CB0C924C}.Debug|Any CPU.ActiveCfg = Debug|Any CPU
		{4FEEEB76-E3CF-4C03-9C18-36F2CB0C924C}.Debug|Any CPU.Build.0 = Debug|Any CPU
		{4FEEEB76-E3CF-4C03-9C18-36F2CB0C924C}.Release|Any CPU.ActiveCfg = Release|Any CPU
		{4FEEEB76-E3CF-4C03-9C18-36F2CB0C924C}.Release|Any CPU.Build.0 = Release|Any CPU
	EndGlobalSection
	GlobalSection(SolutionProperties) = preSolution
		HideSolutionNode = FALSE
	EndGlobalSection
	GlobalSection(ExtensibilityGlobals) = postSolution
		SolutionGuid = {A1DEDD42-C5F3-4112-91FC-1E2222ACD4B3}
	EndGlobalSection
EndGlobal
